
Microsoft Visual Studio Solution File, Format Version 12.00
# Visual Studio Version 17
VisualStudioVersion = 17.14.36414.22 d17.14
MinimumVisualStudioVersion = 10.0.40219.1
Project("{FAE04EC0-301F-11D3-BF4B-00C04F79EFBC}") = "ATLSCANService", "ATLSCANService.csproj", "{1C22DDC1-72A0-4193-843D-859241A4231E}"
EndProject
Global
	GlobalSection(SolutionConfigurationPlatforms) = preSolution
		Debug|Any CPU = Debug|Any CPU
		Release|Any CPU = Release|Any CPU
	EndGlobalSection
	GlobalSection(ProjectConfigurationPlatforms) = postSolution
		{1C22DDC1-72A0-4193-843D-859241A4231E}.Debug|Any CPU.ActiveCfg = Debug|Any CPU
		{1C22DDC1-72A0-4193-843D-859241A4231E}.Debug|Any CPU.Build.0 = Debug|Any CPU
		{1C22DDC1-72A0-4193-843D-859241A4231E}.Release|Any CPU.ActiveCfg = Release|Any CPU
		{1C22DDC1-72A0-4193-843D-859241A4231E}.Release|Any CPU.Build.0 = Release|Any CPU
	EndGlobalSection
	GlobalSection(SolutionProperties) = preSolution
		HideSolutionNode = FALSE
	EndGlobalSection
	GlobalSection(ExtensibilityGlobals) = postSolution
		SolutionGuid = {7EE1687F-3A7E-4CEB-B946-04105134639E}
	EndGlobalSection
EndGlobal
